
Microsoft Visual Studio Solution File, Format Version 12.00
# Visual Studio Version 17
VisualStudioVersion = 17.5.002.0
MinimumVisualStudioVersion = 10.0.40219.1
Project("{FAE04EC0-301F-11D3-BF4B-00C04F79EFBC}") = "ExpressionAnalyzer", "ExpressionAnalyzer\ExpressionAnalyzer.csproj", "{610CCBF7-12D5-4528-9243-67CC150EE30A}"
EndProject
Project("{FAE04EC0-301F-11D3-BF4B-00C04F79EFBC}") = "ExpressionAnalyzerConsole", "ExpressionAnalyzerConsole\ExpressionAnalyzerConsole.csproj", "{162E19E2-BCB6-4B19-94AA-26CBF55B727C}"
EndProject
Global
	GlobalSection(SolutionConfigurationPlatforms) = preSolution
		Debug|Any CPU = Debug|Any CPU
		Release|Any CPU = Release|Any CPU
	EndGlobalSection
	GlobalSection(ProjectConfigurationPlatforms) = postSolution
		{610CCBF7-12D5-4528-9243-67CC150EE30A}.Debug|Any CPU.ActiveCfg = Debug|Any CPU
		{610CCBF7-12D5-4528-9243-67CC150EE30A}.Debug|Any CPU.Build.0 = Debug|Any CPU
		{610CCBF7-12D5-4528-9243-67CC150EE30A}.Release|Any CPU.ActiveCfg = Release|Any CPU
		{610CCBF7-12D5-4528-9243-67CC150EE30A}.Release|Any CPU.Build.0 = Release|Any CPU
		{162E19E2-BCB6-4B19-94AA-26CBF55B727C}.Debug|Any CPU.ActiveCfg = Debug|Any CPU
		{162E19E2-BCB6-4B19-94AA-26CBF55B727C}.Debug|Any CPU.Build.0 = Debug|Any CPU
		{162E19E2-BCB6-4B19-94AA-26CBF55B727C}.Release|Any CPU.ActiveCfg = Release|Any CPU
		{162E19E2-BCB6-4B19-94AA-26CBF55B727C}.Release|Any CPU.Build.0 = Release|Any CPU
	EndGlobalSection
	GlobalSection(SolutionProperties) = preSolution
		HideSolutionNode = FALSE
	EndGlobalSection
	GlobalSection(ExtensibilityGlobals) = postSolution
		SolutionGuid = {A993FB98-D1A9-4ACE-BCD2-35D7CD995A0D}
	EndGlobalSection
EndGlobal
